// !$*UTF8*$!
{
	archiveVersion = 1;
	classes = {
	};
	objectVersion = 46;
	objects = {

/* Begin PBXBuildFile section */
		AB902C081CE423C800F7C4F8 /* main.m in Sources */ = {isa = PBXBuildFile; fileRef = AB902C071CE423C800F7C4F8 /* main.m */; };
		AB902C0B1CE423C800F7C4F8 /* AppDelegate.m in Sources */ = {isa = PBXBuildFile; fileRef = AB902C0A1CE423C800F7C4F8 /* AppDelegate.m */; };
		AB902C0E1CE423C800F7C4F8 /* ViewController.m in Sources */ = {isa = PBXBuildFile; fileRef = AB902C0D1CE423C800F7C4F8 /* ViewController.m */; };
		AB902C111CE423C800F7C4F8 /* Main.storyboard in Resources */ = {isa = PBXBuildFile; fileRef = AB902C0F1CE423C800F7C4F8 /* Main.storyboard */; };
		AB902C131CE423C800F7C4F8 /* Assets.xcassets in Resources */ = {isa = PBXBuildFile; fileRef = AB902C121CE423C800F7C4F8 /* Assets.xcassets */; };
		AB902C161CE423C800F7C4F8 /* LaunchScreen.storyboard in Resources */ = {isa = PBXBuildFile; fileRef = AB902C141CE423C800F7C4F8 /* LaunchScreen.storyboard */; };
		AB902C211CE423C800F7C4F8 /* hhtiostestTests.m in Sources */ = {isa = PBXBuildFile; fileRef = AB902C201CE423C800F7C4F8 /* hhtiostestTests.m */; };
		AB902C2C1CE423C800F7C4F8 /* hhtiostestUITests.m in Sources */ = {isa = PBXBuildFile; fileRef = AB902C2B1CE423C800F7C4F8 /* hhtiostestUITests.m */; };
/* End PBXBuildFile section */

/* Begin PBXContainerItemProxy section */
		AB902C1D1CE423C800F7C4F8 /* PBXContainerItemProxy */ = {
			isa = PBXContainerItemProxy;
			containerPortal = AB902BFB1CE423C700F7C4F8 /* Project object */;
			proxyType = 1;
			remoteGlobalIDString = AB902C021CE423C700F7C4F8;
			remoteInfo = hhtiostest;
		};
		AB902C281CE423C800F7C4F8 /* PBXContainerItemProxy */ = {
			isa = PBXContainerItemProxy;
			containerPortal = AB902BFB1CE423C700F7C4F8 /* Project object */;
			proxyType = 1;
			remoteGlobalIDString = AB902C021CE423C700F7C4F8;
			remoteInfo = hhtiostest;
		};
/* End PBXContainerItemProxy section */

/* Begin PBXFileReference section */
		AB902C031CE423C700F7C4F8 /* hhtiostest.app */ = {isa = PBXFileReference; explicitFileType = wrapper.application; includeInIndex = 0; path = hhtiostest.app; sourceTree = BUILT_PRODUCTS_DIR; };
		AB902C071CE423C800F7C4F8 /* main.m */ = {isa = PBXFileReference; lastKnownFileType = sourcecode.c.objc; path = main.m; sourceTree = "<group>"; };
		AB902C091CE423C800F7C4F8 /* AppDelegate.h */ = {isa = PBXFileReference; lastKnownFileType = sourcecode.c.h; path = AppDelegate.h; sourceTree = "<group>"; };
		AB902C0A1CE423C800F7C4F8 /* AppDelegate.m */ = {isa = PBXFileReference; lastKnownFileType = sourcecode.c.objc; path = AppDelegate.m; sourceTree = "<group>"; };
		AB902C0C1CE423C800F7C4F8 /* ViewController.h */ = {isa = PBXFileReference; lastKnownFileType = sourcecode.c.h; path = ViewController.h; sourceTree = "<group>"; };
		AB902C0D1CE423C800F7C4F8 /* ViewController.m */ = {isa = PBXFileReference; lastKnownFileType = sourcecode.c.objc; path = ViewController.m; sourceTree = "<group>"; };
		AB902C101CE423C800F7C4F8 /* Base */ = {isa = PBXFileReference; lastKnownFileType = file.storyboard; name = Base; path = Base.lproj/Main.storyboard; sourceTree = "<group>"; };
		AB902C121CE423C800F7C4F8 /* Assets.xcassets */ = {isa = PBXFileReference; lastKnownFileType = folder.assetcatalog; path = Assets.xcassets; sourceTree = "<group>"; };
		AB902C151CE423C800F7C4F8 /* Base */ = {isa = PBXFileReference; lastKnownFileType = file.storyboard; name = Base; path = Base.lproj/LaunchScreen.storyboard; sourceTree = "<group>"; };
		AB902C171CE423C800F7C4F8 /* Info.plist */ = {isa = PBXFileReference; lastKnownFileType = text.plist.xml; path = Info.plist; sourceTree = "<group>"; };
		AB902C1C1CE423C800F7C4F8 /* hhtiostestTests.xctest */ = {isa = PBXFileReference; explicitFileType = wrapper.cfbundle; includeInIndex = 0; path = hhtiostestTests.xctest; sourceTree = BUILT_PRODUCTS_DIR; };
		AB902C201CE423C800F7C4F8 /* hhtiostestTests.m */ = {isa = PBXFileReference; lastKnownFileType = sourcecode.c.objc; path = hhtiostestTests.m; sourceTree = "<group>"; };
		AB902C221CE423C800F7C4F8 /* Info.plist */ = {isa = PBXFileReference; lastKnownFileType = text.plist.xml; path = Info.plist; sourceTree = "<group>"; };
		AB902C271CE423C800F7C4F8 /* hhtiostestUITests.xctest */ = {isa = PBXFileReference; explicitFileType = wrapper.cfbundle; includeInIndex = 0; path = hhtiostestUITests.xctest; sourceTree = BUILT_PRODUCTS_DIR; };
		AB902C2B1CE423C800F7C4F8 /* hhtiostestUITests.m */ = {isa = PBXFileReference; lastKnownFileType = sourcecode.c.objc; path = hhtiostestUITests.m; sourceTree = "<group>"; };
		AB902C2D1CE423C800F7C4F8 /* Info.plist */ = {isa = PBXFileReference; lastKnownFileType = text.plist.xml; path = Info.plist; sourceTree = "<group>"; };
/* End PBXFileReference section */

/* Begin PBXFrameworksBuildPhase section */
		AB902C001CE423C700F7C4F8 /* Frameworks */ = {
			isa = PBXFrameworksBuildPhase;
			buildActionMask = 2147483647;
			files = (
			);
			runOnlyForDeploymentPostprocessing = 0;
		};
		AB902C191CE423C800F7C4F8 /* Frameworks */ = {
			isa = PBXFrameworksBuildPhase;
			buildActionMask = 2147483647;
			files = (
			);
			runOnlyForDeploymentPostprocessing = 0;
		};
		AB902C241CE423C800F7C4F8 /* Frameworks */ = {
			isa = PBXFrameworksBuildPhase;
			buildActionMask = 2147483647;
			files = (
			);
			runOnlyForDeploymentPostprocessing = 0;
		};
/* End PBXFrameworksBuildPhase section */

/* Begin PBXGroup section */
		AB902BFA1CE423C700F7C4F8 = {
			isa = PBXGroup;
			children = (
				AB902C051CE423C800F7C4F8 /* hhtiostest */,
				AB902C1F1CE423C800F7C4F8 /* hhtiostestTests */,
				AB902C2A1CE423C800F7C4F8 /* hhtiostestUITests */,
				AB902C041CE423C700F7C4F8 /* Products */,
			);
			sourceTree = "<group>";
		};
		AB902C041CE423C700F7C4F8 /* Products */ = {
			isa = PBXGroup;
			children = (
				AB902C031CE423C700F7C4F8 /* hhtiostest.app */,
				AB902C1C1CE423C800F7C4F8 /* hhtiostestTests.xctest */,
				AB902C271CE423C800F7C4F8 /* hhtiostestUITests.xctest */,
			);
			name = Products;
			sourceTree = "<group>";
		};
		AB902C051CE423C800F7C4F8 /* hhtiostest */ = {
			isa = PBXGroup;
			children = (
				AB902C091CE423C800F7C4F8 /* AppDelegate.h */,
				AB902C0A1CE423C800F7C4F8 /* AppDelegate.m */,
				AB902C0C1CE423C800F7C4F8 /* ViewController.h */,
				AB902C0D1CE423C800F7C4F8 /* ViewController.m */,
				AB902C0F1CE423C800F7C4F8 /* Main.storyboard */,
				AB902C121CE423C800F7C4F8 /* Assets.xcassets */,
				AB902C141CE423C800F7C4F8 /* LaunchScreen.storyboard */,
				AB902C171CE423C800F7C4F8 /* Info.plist */,
				AB902C061CE423C800F7C4F8 /* Supporting Files */,
			);
			path = hhtiostest;
			sourceTree = "<group>";
		};
		AB902C061CE423C800F7C4F8 /* Supporting Files */ = {
			isa = PBXGroup;
			children = (
				AB902C071CE423C800F7C4F8 /* main.m */,
			);
			name = "Supporting Files";
			sourceTree = "<group>";
		};
		AB902C1F1CE423C800F7C4F8 /* hhtiostestTests */ = {
			isa = PBXGroup;
			children = (
				AB902C201CE423C800F7C4F8 /* hhtiostestTests.m */,
				AB902C221CE423C800F7C4F8 /* Info.plist */,
			);
			path = hhtiostestTests;
			sourceTree = "<group>";
		};
		AB902C2A1CE423C800F7C4F8 /* hhtiostestUITests */ = {
			isa = PBXGroup;
			children = (
				AB902C2B1CE423C800F7C4F8 /* hhtiostestUITests.m */,
				AB902C2D1CE423C800F7C4F8 /* Info.plist */,
			);
			path = hhtiostestUITests;
			sourceTree = "<group>";
		};
/* End PBXGroup section */

/* Begin PBXNativeTarget section */
		AB902C021CE423C700F7C4F8 /* hhtiostest */ = {
			isa = PBXNativeTarget;
			buildConfigurationList = AB902C301CE423C800F7C4F8 /* Build configuration list for PBXNativeTarget "hhtiostest" */;
			buildPhases = (
				AB902BFF1CE423C700F7C4F8 /* Sources */,
				AB902C001CE423C700F7C4F8 /* Frameworks */,
				AB902C011CE423C700F7C4F8 /* Resources */,
			);
			buildRules = (
			);
			dependencies = (
			);
			name = hhtiostest;
			productName = hhtiostest;
			productReference = AB902C031CE423C700F7C4F8 /* hhtiostest.app */;
			productType = "com.apple.product-type.application";
		};
		AB902C1B1CE423C800F7C4F8 /* hhtiostestTests */ = {
			isa = PBXNativeTarget;
			buildConfigurationList = AB902C331CE423C800F7C4F8 /* Build configuration list for PBXNativeTarget "hhtiostestTests" */;
			buildPhases = (
				AB902C181CE423C800F7C4F8 /* Sources */,
				AB902C191CE423C800F7C4F8 /* Frameworks */,
				AB902C1A1CE423C800F7C4F8 /* Resources */,
			);
			buildRules = (
			);
			dependencies = (
				AB902C1E1CE423C800F7C4F8 /* PBXTargetDependency */,
			);
			name = hhtiostestTests;
			productName = hhtiostestTests;
			productReference = AB902C1C1CE423C800F7C4F8 /* hhtiostestTests.xctest */;
			productType = "com.apple.product-type.bundle.unit-test";
		};
		AB902C261CE423C800F7C4F8 /* hhtiostestUITests */ = {
			isa = PBXNativeTarget;
			buildConfigurationList = AB902C361CE423C800F7C4F8 /* Build configuration list for PBXNativeTarget "hhtiostestUITests" */;
			buildPhases = (
				AB902C231CE423C800F7C4F8 /* Sources */,
				AB902C241CE423C800F7C4F8 /* Frameworks */,
				AB902C251CE423C800F7C4F8 /* Resources */,
			);
			buildRules = (
			);
			dependencies = (
				AB902C291CE423C800F7C4F8 /* PBXTargetDependency */,
			);
			name = hhtiostestUITests;
			productName = hhtiostestUITests;
			productReference = AB902C271CE423C800F7C4F8 /* hhtiostestUITests.xctest */;
			productType = "com.apple.product-type.bundle.ui-testing";
		};
/* End PBXNativeTarget section */

/* Begin PBXProject section */
		AB902BFB1CE423C700F7C4F8 /* Project object */ = {
			isa = PBXProject;
			attributes = {
				LastUpgradeCheck = 0730;
				ORGANIZATIONNAME = "黄惠传";
				TargetAttributes = {
					AB902C021CE423C700F7C4F8 = {
						CreatedOnToolsVersion = 7.3;
						DevelopmentTeam = 578GPJK432;
					};
					AB902C1B1CE423C800F7C4F8 = {
						CreatedOnToolsVersion = 7.3;
						DevelopmentTeam = 578GPJK432;
						TestTargetID = AB902C021CE423C700F7C4F8;
					};
					AB902C261CE423C800F7C4F8 = {
						CreatedOnToolsVersion = 7.3;
						DevelopmentTeam = 578GPJK432;
						TestTargetID = AB902C021CE423C700F7C4F8;
					};
				};
			};
			buildConfigurationList = AB902BFE1CE423C700F7C4F8 /* Build configuration list for PBXProject "hhtiostest" */;
			compatibilityVersion = "Xcode 3.2";
			developmentRegion = English;
			hasScannedForEncodings = 0;
			knownRegions = (
				en,
				Base,
			);
			mainGroup = AB902BFA1CE423C700F7C4F8;
			productRefGroup = AB902C041CE423C700F7C4F8 /* Products */;
			projectDirPath = "";
			projectRoot = "";
			targets = (
				AB902C021CE423C700F7C4F8 /* hhtiostest */,
				AB902C1B1CE423C800F7C4F8 /* hhtiostestTests */,
				AB902C261CE423C800F7C4F8 /* hhtiostestUITests */,
			);
		};
/* End PBXProject section */

/* Begin PBXResourcesBuildPhase section */
		AB902C011CE423C700F7C4F8 /* Resources */ = {
			isa = PBXResourcesBuildPhase;
			buildActionMask = 2147483647;
			files = (
				AB902C161CE423C800F7C4F8 /* LaunchScreen.storyboard in Resources */,
				AB902C131CE423C800F7C4F8 /* Assets.xcassets in Resources */,
				AB902C111CE423C800F7C4F8 /* Main.storyboard in Resources */,
			);
			runOnlyForDeploymentPostprocessing = 0;
		};
		AB902C1A1CE423C800F7C4F8 /* Resources */ = {
			isa = PBXResourcesBuildPhase;
			buildActionMask = 2147483647;
			files = (
			);
			runOnlyForDeploymentPostprocessing = 0;
		};
		AB902C251CE423C800F7C4F8 /* Resources */ = {
			isa = PBXResourcesBuildPhase;
			buildActionMask = 2147483647;
			files = (
			);
			runOnlyForDeploymentPostprocessing = 0;
		};
/* End PBXResourcesBuildPhase section */

/* Begin PBXSourcesBuildPhase section */
		AB902BFF1CE423C700F7C4F8 /* Sources */ = {
			isa = PBXSourcesBuildPhase;
			buildActionMask = 2147483647;
			files = (
				AB902C0E1CE423C800F7C4F8 /* ViewController.m in Sources */,
				AB902C0B1CE423C800F7C4F8 /* AppDelegate.m in Sources */,
				AB902C081CE423C800F7C4F8 /* main.m in Sources */,
			);
			runOnlyForDeploymentPostprocessing = 0;
		};
		AB902C181CE423C800F7C4F8 /* Sources */ = {
			isa = PBXSourcesBuildPhase;
			buildActionMask = 2147483647;
			files = (
				AB902C211CE423C800F7C4F8 /* hhtiostestTests.m in Sources */,
			);
			runOnlyForDeploymentPostprocessing = 0;
		};
		AB902C231CE423C800F7C4F8 /* Sources */ = {
			isa = PBXSourcesBuildPhase;
			buildActionMask = 2147483647;
			files = (
				AB902C2C1CE423C800F7C4F8 /* hhtiostestUITests.m in Sources */,
			);
			runOnlyForDeploymentPostprocessing = 0;
		};
/* End PBXSourcesBuildPhase section */

/* Begin PBXTargetDependency section */
		AB902C1E1CE423C800F7C4F8 /* PBXTargetDependency */ = {
			isa = PBXTargetDependency;
			target = AB902C021CE423C700F7C4F8 /* hhtiostest */;
			targetProxy = AB902C1D1CE423C800F7C4F8 /* PBXContainerItemProxy */;
		};
		AB902C291CE423C800F7C4F8 /* PBXTargetDependency */ = {
			isa = PBXTargetDependency;
			target = AB902C021CE423C700F7C4F8 /* hhtiostest */;
			targetProxy = AB902C281CE423C800F7C4F8 /* PBXContainerItemProxy */;
		};
/* End PBXTargetDependency section */

/* Begin PBXVariantGroup section */
		AB902C0F1CE423C800F7C4F8 /* Main.storyboard */ = {
			isa = PBXVariantGroup;
			children = (
				AB902C101CE423C800F7C4F8 /* Base */,
			);
			name = Main.storyboard;
			sourceTree = "<group>";
		};
		AB902C141CE423C800F7C4F8 /* LaunchScreen.storyboard */ = {
			isa = PBXVariantGroup;
			children = (
				AB902C151CE423C800F7C4F8 /* Base */,
			);
			name = LaunchScreen.storyboard;
			sourceTree = "<group>";
		};
/* End PBXVariantGroup section */

/* Begin XCBuildConfiguration section */
		AB902C2E1CE423C800F7C4F8 /* Debug */ = {
			isa = XCBuildConfiguration;
			buildSettings = {
				ALWAYS_SEARCH_USER_PATHS = NO;
				CLANG_ANALYZER_NONNULL = YES;
				CLANG_CXX_LANGUAGE_STANDARD = "gnu++0x";
				CLANG_CXX_LIBRARY = "libc++";
				CLANG_ENABLE_MODULES = YES;
				CLANG_ENABLE_OBJC_ARC = YES;
				CLANG_WARN_BOOL_CONVERSION = YES;
				CLANG_WARN_CONSTANT_CONVERSION = YES;
				CLANG_WARN_DIRECT_OBJC_ISA_USAGE = YES_ERROR;
				CLANG_WARN_EMPTY_BODY = YES;
				CLANG_WARN_ENUM_CONVERSION = YES;
				CLANG_WARN_INT_CONVERSION = YES;
				CLANG_WARN_OBJC_ROOT_CLASS = YES_ERROR;
				CLANG_WARN_UNREACHABLE_CODE = YES;
				CLANG_WARN__DUPLICATE_METHOD_MATCH = YES;
				"CODE_SIGN_IDENTITY[sdk=iphoneos*]" = "iPhone Developer";
				COPY_PHASE_STRIP = NO;
				DEBUG_INFORMATION_FORMAT = dwarf;
				ENABLE_STRICT_OBJC_MSGSEND = YES;
				ENABLE_TESTABILITY = YES;
				GCC_C_LANGUAGE_STANDARD = gnu99;
				GCC_DYNAMIC_NO_PIC = NO;
				GCC_NO_COMMON_BLOCKS = YES;
				GCC_OPTIMIZATION_LEVEL = 0;
				GCC_PREPROCESSOR_DEFINITIONS = (
					"DEBUG=1",
					"$(inherited)",
				);
				GCC_WARN_64_TO_32_BIT_CONVERSION = YES;
				GCC_WARN_ABOUT_RETURN_TYPE = YES_ERROR;
				GCC_WARN_UNDECLARED_SELECTOR = YES;
				GCC_WARN_UNINITIALIZED_AUTOS = YES_AGGRESSIVE;
				GCC_WARN_UNUSED_FUNCTION = YES;
				GCC_WARN_UNUSED_VARIABLE = YES;
				IPHONEOS_DEPLOYMENT_TARGET = 9.3;
				MTL_ENABLE_DEBUG_INFO = YES;
				ONLY_ACTIVE_ARCH = YES;
				SDKROOT = iphoneos;
			};
			name = Debug;
		};
		AB902C2F1CE423C800F7C4F8 /* Release */ = {
			isa = XCBuildConfiguration;
			buildSettings = {
				ALWAYS_SEARCH_USER_PATHS = NO;
				CLANG_ANALYZER_NONNULL = YES;
				CLANG_CXX_LANGUAGE_STANDARD = "gnu++0x";
				CLANG_CXX_LIBRARY = "libc++";
				CLANG_ENABLE_MODULES = YES;
				CLANG_ENABLE_OBJC_ARC = YES;
				CLANG_WARN_BOOL_CONVERSION = YES;
				CLANG_WARN_CONSTANT_CONVERSION = YES;
				CLANG_WARN_DIRECT_OBJC_ISA_USAGE = YES_ERROR;
				CLANG_WARN_EMPTY_BODY = YES;
				CLANG_WARN_ENUM_CONVERSION = YES;
				CLANG_WARN_INT_CONVERSION = YES;
				CLANG_WARN_OBJC_ROOT_CLASS = YES_ERROR;
				CLANG_WARN_UNREACHABLE_CODE = YES;
				CLANG_WARN__DUPLICATE_METHOD_MATCH = YES;
				"CODE_SIGN_IDENTITY[sdk=iphoneos*]" = "iPhone Developer";
				COPY_PHASE_STRIP = NO;
				DEBUG_INFORMATION_FORMAT = "dwarf-with-dsym";
				ENABLE_NS_ASSERTIONS = NO;
				ENABLE_STRICT_OBJC_MSGSEND = YES;
				GCC_C_LANGUAGE_STANDARD = gnu99;
				GCC_NO_COMMON_BLOCKS = YES;
				GCC_WARN_64_TO_32_BIT_CONVERSION = YES;
				GCC_WARN_ABOUT_RETURN_TYPE = YES_ERROR;
				GCC_WARN_UNDECLARED_SELECTOR = YES;
				GCC_WARN_UNINITIALIZED_AUTOS = YES_AGGRESSIVE;
				GCC_WARN_UNUSED_FUNCTION = YES;
				GCC_WARN_UNUSED_VARIABLE = YES;
				IPHONEOS_DEPLOYMENT_TARGET = 9.3;
				MTL_ENABLE_DEBUG_INFO = NO;
				SDKROOT = iphoneos;
				VALIDATE_PRODUCT = YES;
			};
			name = Release;
		};
		AB902C311CE423C800F7C4F8 /* Debug */ = {
			isa = XCBuildConfiguration;
			buildSettings = {
				ASSETCATALOG_COMPILER_APPICON_NAME = AppIcon;
				INFOPLIST_FILE = hhtiostest/Info.plist;
				LD_RUNPATH_SEARCH_PATHS = "$(inherited) @executable_path/Frameworks";
				PRODUCT_BUNDLE_IDENTIFIER = hht.hhtiostest;
				PRODUCT_NAME = "$(TARGET_NAME)";
			};
			name = Debug;
		};
		AB902C321CE423C800F7C4F8 /* Release */ = {
			isa = XCBuildConfiguration;
			buildSettings = {
				ASSETCATALOG_COMPILER_APPICON_NAME = AppIcon;
				INFOPLIST_FILE = hhtiostest/Info.plist;
				LD_RUNPATH_SEARCH_PATHS = "$(inherited) @executable_path/Frameworks";
				PRODUCT_BUNDLE_IDENTIFIER = hht.hhtiostest;
				PRODUCT_NAME = "$(TARGET_NAME)";
			};
			name = Release;
		};
		AB902C341CE423C800F7C4F8 /* Debug */ = {
			isa = XCBuildConfiguration;
			buildSettings = {
				BUNDLE_LOADER = "$(TEST_HOST)";
				INFOPLIST_FILE = hhtiostestTests/Info.plist;
				LD_RUNPATH_SEARCH_PATHS = "$(inherited) @executable_path/Frameworks @loader_path/Frameworks";
				PRODUCT_BUNDLE_IDENTIFIER = hht.hhtiostestTests;
				PRODUCT_NAME = "$(TARGET_NAME)";
				TEST_HOST = "$(BUILT_PRODUCTS_DIR)/hhtiostest.app/hhtiostest";
			};
			name = Debug;
		};
		AB902C351CE423C800F7C4F8 /* Release */ = {
			isa = XCBuildConfiguration;
			buildSettings = {
				BUNDLE_LOADER = "$(TEST_HOST)";
				INFOPLIST_FILE = hhtiostestTests/Info.plist;
				LD_RUNPATH_SEARCH_PATHS = "$(inherited) @executable_path/Frameworks @loader_path/Frameworks";
				PRODUCT_BUNDLE_IDENTIFIER = hht.hhtiostestTests;
				PRODUCT_NAME = "$(TARGET_NAME)";
				TEST_HOST = "$(BUILT_PRODUCTS_DIR)/hhtiostest.app/hhtiostest";
			};
			name = Release;
		};
		AB902C371CE423C800F7C4F8 /* Debug */ = {
			isa = XCBuildConfiguration;
			buildSettings = {
				INFOPLIST_FILE = hhtiostestUITests/Info.plist;
				LD_RUNPATH_SEARCH_PATHS = "$(inherited) @executable_path/Frameworks @loader_path/Frameworks";
				PRODUCT_BUNDLE_IDENTIFIER = hht.hhtiostestUITests;
				PRODUCT_NAME = "$(TARGET_NAME)";
				TEST_TARGET_NAME = hhtiostest;
			};
			name = Debug;
		};
		AB902C381CE423C800F7C4F8 /* Release */ = {
			isa = XCBuildConfiguration;
			buildSettings = {
				INFOPLIST_FILE = hhtiostestUITests/Info.plist;
				LD_RUNPATH_SEARCH_PATHS = "$(inherited) @executable_path/Frameworks @loader_path/Frameworks";
				PRODUCT_BUNDLE_IDENTIFIER = hht.hhtiostestUITests;
				PRODUCT_NAME = "$(TARGET_NAME)";
				TEST_TARGET_NAME = hhtiostest;
			};
			name = Release;
		};
/* End XCBuildConfiguration section */

/* Begin XCConfigurationList section */
		AB902BFE1CE423C700F7C4F8 /* Build configuration list for PBXProject "hhtiostest" */ = {
			isa = XCConfigurationList;
			buildConfigurations = (
				AB902C2E1CE423C800F7C4F8 /* Debug */,
				AB902C2F1CE423C800F7C4F8 /* Release */,
			);
			defaultConfigurationIsVisible = 0;
			defaultConfigurationName = Release;
		};
		AB902C301CE423C800F7C4F8 /* Build configuration list for PBXNativeTarget "hhtiostest" */ = {
			isa = XCConfigurationList;
			buildConfigurations = (
				AB902C311CE423C800F7C4F8 /* Debug */,
				AB902C321CE423C800F7C4F8 /* Release */,
			);
			defaultConfigurationIsVisible = 0;
		};
		AB902C331CE423C800F7C4F8 /* Build configuration list for PBXNativeTarget "hhtiostestTests" */ = {
			isa = XCConfigurationList;
			buildConfigurations = (
				AB902C341CE423C800F7C4F8 /* Debug */,
				AB902C351CE423C800F7C4F8 /* Release */,
			);
			defaultConfigurationIsVisible = 0;
		};
		AB902C361CE423C800F7C4F8 /* Build configuration list for PBXNativeTarget "hhtiostestUITests" */ = {
			isa = XCConfigurationList;
			buildConfigurations = (
				AB902C371CE423C800F7C4F8 /* Debug */,
				AB902C381CE423C800F7C4F8 /* Release */,
			);
			defaultConfigurationIsVisible = 0;
		};
/* End XCConfigurationList section */
	};
	rootObject = AB902BFB1CE423C700F7C4F8 /* Project object */;
}
